
Microsoft Visual Studio Solution File, Format Version 12.00
# Visual Studio 15
VisualStudioVersion = 15.0.28307.136
MinimumVisualStudioVersion = 10.0.40219.1
Project("{FAE04EC0-301F-11D3-BF4B-00C04F79EFBC}") = "MemoryGameForWindows", "MemoryGameForWindows\MemoryGameForWindows.csproj", "{D593765C-3397-4F57-8E45-FE384F7254B7}"
EndProject
Global
	GlobalSection(SolutionConfigurationPlatforms) = preSolution
		Debug|Any CPU = Debug|Any CPU
		Release|Any CPU = Release|Any CPU
	EndGlobalSection
	GlobalSection(ProjectConfigurationPlatforms) = postSolution
		{D593765C-3397-4F57-8E45-FE384F7254B7}.Debug|Any CPU.ActiveCfg = Debug|Any CPU
		{D593765C-3397-4F57-8E45-FE384F7254B7}.Debug|Any CPU.Build.0 = Debug|Any CPU
		{D593765C-3397-4F57-8E45-FE384F7254B7}.Release|Any CPU.ActiveCfg = Release|Any CPU
		{D593765C-3397-4F57-8E45-FE384F7254B7}.Release|Any CPU.Build.0 = Release|Any CPU
	EndGlobalSection
	GlobalSection(SolutionProperties) = preSolution
		HideSolutionNode = FALSE
	EndGlobalSection
	GlobalSection(ExtensibilityGlobals) = postSolution
		SolutionGuid = {8860B6C0-C7FA-4E2C-9573-499E78404C1A}
	EndGlobalSection
EndGlobal
